// !$*UTF8*$!
{
	archiveVersion = 1;
	classes = {
	};
	objectVersion = 54;
	objects = {

/* Begin PBXBuildFile section */
		00E356F31AD99517003FC87E /* TrackingAppTests.m in Sources */ = {isa = PBXBuildFile; fileRef = 00E356F21AD99517003FC87E /* TrackingAppTests.m */; };
		13B07FBC1A68108700A75B9A /* AppDelegate.m in Sources */ = {isa = PBXBuildFile; fileRef = 13B07FB01A68108700A75B9A /* AppDelegate.m */; };
		13B07FBF1A68108700A75B9A /* Images.xcassets in Resources */ = {isa = PBXBuildFile; fileRef = 13B07FB51A68108700A75B9A /* Images.xcassets */; };
		13B07FC11A68108700A75B9A /* main.m in Sources */ = {isa = PBXBuildFile; fileRef = 13B07FB71A68108700A75B9A /* main.m */; };
		81AB9BB82411601600AC10FF /* LaunchScreen.storyboard in Resources */ = {isa = PBXBuildFile; fileRef = 81AB9BB72411601600AC10FF /* LaunchScreen.storyboard */; };
		8BD65884D44D48F0BB5384F2 /* Poppins-Black.ttf in Resources */ = {isa = PBXBuildFile; fileRef = 1E85F483F38F45EAA3C85101 /* Poppins-Black.ttf */; };
		277BB7EACD2A40F693446467 /* Poppins-BlackItalic.ttf in Resources */ = {isa = PBXBuildFile; fileRef = D2FCDE24457E44B5B74D9CE7 /* Poppins-BlackItalic.ttf */; };
		1C02FBB9C1CD4251B6CE8286 /* Poppins-Bold.ttf in Resources */ = {isa = PBXBuildFile; fileRef = 579A0E83319D49F1AF8F8877 /* Poppins-Bold.ttf */; };
		F34A7C26A3494678877864FC /* Poppins-BoldItalic.ttf in Resources */ = {isa = PBXBuildFile; fileRef = 9BDA7067A0BC43D284D30929 /* Poppins-BoldItalic.ttf */; };
		2D91D1B393DE4ACA91A369D0 /* Poppins-ExtraBold.ttf in Resources */ = {isa = PBXBuildFile; fileRef = 4A5AC14FC7B547B9AA58699C /* Poppins-ExtraBold.ttf */; };
		65F6D2DED83743E498D9E648 /* Poppins-ExtraBoldItalic.ttf in Resources */ = {isa = PBXBuildFile; fileRef = B56CEA1B49C84562AB0445CF /* Poppins-ExtraBoldItalic.ttf */; };
		80062966036E43C5A6D4521A /* Poppins-ExtraLight.ttf in Resources */ = {isa = PBXBuildFile; fileRef = 3577C0FEDE5F41F4A625BBCA /* Poppins-ExtraLight.ttf */; };
		D49232587FD54BD1B931309B /* Poppins-ExtraLightItalic.ttf in Resources */ = {isa = PBXBuildFile; fileRef = 22699D5A832B4511B24909C6 /* Poppins-ExtraLightItalic.ttf */; };
		15881A87034E47169E880537 /* Poppins-Italic.ttf in Resources */ = {isa = PBXBuildFile; fileRef = A8D3AD2836C64E69B55A601E /* Poppins-Italic.ttf */; };
		A486EBC4B4FB45388651E0E3 /* Poppins-Light.ttf in Resources */ = {isa = PBXBuildFile; fileRef = E07CEAAB23084A97812802A9 /* Poppins-Light.ttf */; };
		6E519159EA384104B52130AA /* Poppins-LightItalic.ttf in Resources */ = {isa = PBXBuildFile; fileRef = 9C96AC0077FA42C995600BBE /* Poppins-LightItalic.ttf */; };
		CB6AF7F674AE46B68E2BB7C1 /* Poppins-Medium.ttf in Resources */ = {isa = PBXBuildFile; fileRef = 9CC755A5C46A46E09AE0B3E3 /* Poppins-Medium.ttf */; };
		64448953FE314C7F83A15F21 /* Poppins-MediumItalic.ttf in Resources */ = {isa = PBXBuildFile; fileRef = 291A57225B1C4A07B4C28E6F /* Poppins-MediumItalic.ttf */; };
		1A654DEA84D94657A6CECA8A /* Poppins-Regular.ttf in Resources */ = {isa = PBXBuildFile; fileRef = 2DAEEA29161641B49EC6EB74 /* Poppins-Regular.ttf */; };
		85D25D7FE6744DC686762646 /* Poppins-SemiBold.ttf in Resources */ = {isa = PBXBuildFile; fileRef = E6F8F8D3FB0E4B74A0BAB8FB /* Poppins-SemiBold.ttf */; };
		87CF7A2C37E84FD7B0850C4C /* Poppins-SemiBoldItalic.ttf in Resources */ = {isa = PBXBuildFile; fileRef = B2E8CC6337BC4EA08BF37DDC /* Poppins-SemiBoldItalic.ttf */; };
		2598E8852EC74805B58BEAD8 /* Poppins-Thin.ttf in Resources */ = {isa = PBXBuildFile; fileRef = EF3810B3FD384A8FBFA965E3 /* Poppins-Thin.ttf */; };
		1EFD4910276C4C9FA7EAE557 /* Poppins-ThinItalic.ttf in Resources */ = {isa = PBXBuildFile; fileRef = D96D37A3B03D4BA7BCE23D1E /* Poppins-ThinItalic.ttf */; };
		43BD77BD58624DF28A038F07 /* AntDesign.ttf in Resources */ = {isa = PBXBuildFile; fileRef = C80C11790D7A497E971F22DB /* AntDesign.ttf */; };
		15C01ADC25CC4EEFAA63C785 /* Entypo.ttf in Resources */ = {isa = PBXBuildFile; fileRef = 679CC3F6D69146F2BD1D3FEC /* Entypo.ttf */; };
		FE52F4289648470BBC560F32 /* EvilIcons.ttf in Resources */ = {isa = PBXBuildFile; fileRef = 65F395DF97DE47ECA652EA8D /* EvilIcons.ttf */; };
		640EEB485DEA4FEF9338445C /* Feather.ttf in Resources */ = {isa = PBXBuildFile; fileRef = 56DE81EC64EB401CA504DAC3 /* Feather.ttf */; };
		59760D52904A4ADCA68C58DD /* FontAwesome.ttf in Resources */ = {isa = PBXBuildFile; fileRef = 3486A565815145EFBF3BE0C4 /* FontAwesome.ttf */; };
		9428B9D1E2D9465E98202E38 /* FontAwesome5_Brands.ttf in Resources */ = {isa = PBXBuildFile; fileRef = E3563DCF5EBA43A480A57AFD /* FontAwesome5_Brands.ttf */; };
		647EDB68892B495ABA69D8E2 /* FontAwesome5_Regular.ttf in Resources */ = {isa = PBXBuildFile; fileRef = 5D05583D101544F1B5D52E59 /* FontAwesome5_Regular.ttf */; };
		A4C6E8D116AA486693DF085A /* FontAwesome5_Solid.ttf in Resources */ = {isa = PBXBuildFile; fileRef = 2C2E1BC9F6D940C89817EA5D /* FontAwesome5_Solid.ttf */; };
		8A126A838BE940E18EB1A77F /* Fontisto.ttf in Resources */ = {isa = PBXBuildFile; fileRef = 053AD64932D749339A5F6C55 /* Fontisto.ttf */; };
		4B49AFD0C8D04B9E9109023B /* Foundation.ttf in Resources */ = {isa = PBXBuildFile; fileRef = A0DDB48044A449F99AC73585 /* Foundation.ttf */; };
		2F4B577EC2264DCEBCC87296 /* Ionicons.ttf in Resources */ = {isa = PBXBuildFile; fileRef = 900B141D84A54D10AA7BD0E0 /* Ionicons.ttf */; };
		96FDFB668D4948AC97570DD8 /* MaterialCommunityIcons.ttf in Resources */ = {isa = PBXBuildFile; fileRef = 7C905C02C86E47F4BCC38C5D /* MaterialCommunityIcons.ttf */; };
		83932F9A618348CD86666F3E /* MaterialIcons.ttf in Resources */ = {isa = PBXBuildFile; fileRef = BB0F9548921144ABA1B5D21C /* MaterialIcons.ttf */; };
		80964363DA144A15BB29FDE9 /* Octicons.ttf in Resources */ = {isa = PBXBuildFile; fileRef = 8B62CA931CE2411F9524B563 /* Octicons.ttf */; };
		1ADB21C6F38D4EF7A637D812 /* Roboto_medium.ttf in Resources */ = {isa = PBXBuildFile; fileRef = E90A49D095E44E1CB0EC4934 /* Roboto_medium.ttf */; };
		9CC95A054AB0493CB022A777 /* Roboto.ttf in Resources */ = {isa = PBXBuildFile; fileRef = 46C2CC72C19B45A99C0BE17B /* Roboto.ttf */; };
		010F13D52BC347E0AE7ED3EE /* rubicon-icon-font.ttf in Resources */ = {isa = PBXBuildFile; fileRef = 86C3E4E509EB47AF8644E95A /* rubicon-icon-font.ttf */; };
		3D69D256F3CD4D76B1E565D7 /* SimpleLineIcons.ttf in Resources */ = {isa = PBXBuildFile; fileRef = CC918D18BC954B829ACE5624 /* SimpleLineIcons.ttf */; };
		2802F224532641CF9F08CFEB /* Zocial.ttf in Resources */ = {isa = PBXBuildFile; fileRef = 725E0FF191C34A03BD1D726A /* Zocial.ttf */; };
		96FC600020054415A092A969 /* AntDesign.ttf in Resources */ = {isa = PBXBuildFile; fileRef = 5790E133034F409FADBE039C /* AntDesign.ttf */; };
		94E7C48CEB324BAEAF7AC258 /* Entypo.ttf in Resources */ = {isa = PBXBuildFile; fileRef = ECB545EDFA164EB28A0E9855 /* Entypo.ttf */; };
		3CA2301B291443BE89EBBFCF /* EvilIcons.ttf in Resources */ = {isa = PBXBuildFile; fileRef = C4C49E25E3844FB2BCA788DB /* EvilIcons.ttf */; };
		AD852FF60544455AA4A914D0 /* Feather.ttf in Resources */ = {isa = PBXBuildFile; fileRef = 26BE82A9425246D0A59AA5D6 /* Feather.ttf */; };
		867BFC2C5E9C4EC490720471 /* FontAwesome.ttf in Resources */ = {isa = PBXBuildFile; fileRef = 8F2B6DFD2A1B4119AD2F56B9 /* FontAwesome.ttf */; };
		D7F1845AE99341E4948658E8 /* FontAwesome5_Brands.ttf in Resources */ = {isa = PBXBuildFile; fileRef = BE1FE0E1522B468DA939F277 /* FontAwesome5_Brands.ttf */; };
		B9DAC43304F94172B59C10A8 /* FontAwesome5_Regular.ttf in Resources */ = {isa = PBXBuildFile; fileRef = 008DB4775A384AF1941321D9 /* FontAwesome5_Regular.ttf */; };
		1C03FF9A5AFE466E900C8BDB /* FontAwesome5_Solid.ttf in Resources */ = {isa = PBXBuildFile; fileRef = 9A0D8AFC0FC74A7F897BEC39 /* FontAwesome5_Solid.ttf */; };
		87D03DE5AA4C4841B41E3DA4 /* Fontisto.ttf in Resources */ = {isa = PBXBuildFile; fileRef = C6CD6A3FCB364D5492432DF7 /* Fontisto.ttf */; };
		017E7DD718694BAEA97277CF /* Foundation.ttf in Resources */ = {isa = PBXBuildFile; fileRef = 1DC9AA3F483C44F3A2281C83 /* Foundation.ttf */; };
		C74909FDBC20426BAFD4BA15 /* Ionicons.ttf in Resources */ = {isa = PBXBuildFile; fileRef = 1762B66B672D42F98B1B9FD9 /* Ionicons.ttf */; };
		B591DD0395134BE6BC837CCE /* MaterialCommunityIcons.ttf in Resources */ = {isa = PBXBuildFile; fileRef = F1C06EE6A5894ED8AD1C1B37 /* MaterialCommunityIcons.ttf */; };
		1A1B1C41D83C414C9FF7EE39 /* MaterialIcons.ttf in Resources */ = {isa = PBXBuildFile; fileRef = DA2DAC44A8CA4B10953EEBF1 /* MaterialIcons.ttf */; };
		1423A4BE6DCD4DA185689AD3 /* Octicons.ttf in Resources */ = {isa = PBXBuildFile; fileRef = B89BB5BB107D4D9FB783884D /* Octicons.ttf */; };
		65364430FB4B4D7BA978EFB7 /* SimpleLineIcons.ttf in Resources */ = {isa = PBXBuildFile; fileRef = D5DFFE56BA6347EEB32639A5 /* SimpleLineIcons.ttf */; };
		C2EC62406E0B459288AE963F /* Zocial.ttf in Resources */ = {isa = PBXBuildFile; fileRef = 911F4D0BA8734E558F5B2699 /* Zocial.ttf */; };
/* End PBXBuildFile section */

/* Begin PBXContainerItemProxy section */
		00E356F41AD99517003FC87E /* PBXContainerItemProxy */ = {
			isa = PBXContainerItemProxy;
			containerPortal = 83CBB9F71A601CBA00E9B192 /* Project object */;
			proxyType = 1;
			remoteGlobalIDString = 13B07F861A680F5B00A75B9A;
			remoteInfo = TrackingApp;
		};
/* End PBXContainerItemProxy section */

/* Begin PBXFileReference section */
		00E356EE1AD99517003FC87E /* TrackingAppTests.xctest */ = {isa = PBXFileReference; explicitFileType = wrapper.cfbundle; includeInIndex = 0; path = TrackingAppTests.xctest; sourceTree = BUILT_PRODUCTS_DIR; };
		00E356F11AD99517003FC87E /* Info.plist */ = {isa = PBXFileReference; lastKnownFileType = text.plist.xml; path = Info.plist; sourceTree = "<group>"; };
		00E356F21AD99517003FC87E /* TrackingAppTests.m */ = {isa = PBXFileReference; lastKnownFileType = sourcecode.c.objc; path = TrackingAppTests.m; sourceTree = "<group>"; };
		13B07F961A680F5B00A75B9A /* TrackingApp.app */ = {isa = PBXFileReference; explicitFileType = wrapper.application; includeInIndex = 0; path = TrackingApp.app; sourceTree = BUILT_PRODUCTS_DIR; };
		13B07FAF1A68108700A75B9A /* AppDelegate.h */ = {isa = PBXFileReference; fileEncoding = 4; lastKnownFileType = sourcecode.c.h; name = AppDelegate.h; path = TrackingApp/AppDelegate.h; sourceTree = "<group>"; };
		13B07FB01A68108700A75B9A /* AppDelegate.m */ = {isa = PBXFileReference; fileEncoding = 4; lastKnownFileType = sourcecode.c.objc; name = AppDelegate.m; path = TrackingApp/AppDelegate.m; sourceTree = "<group>"; };
		13B07FB51A68108700A75B9A /* Images.xcassets */ = {isa = PBXFileReference; lastKnownFileType = folder.assetcatalog; name = Images.xcassets; path = TrackingApp/Images.xcassets; sourceTree = "<group>"; };
		13B07FB61A68108700A75B9A /* Info.plist */ = {isa = PBXFileReference; fileEncoding = 4; lastKnownFileType = text.plist.xml; name = Info.plist; path = TrackingApp/Info.plist; sourceTree = "<group>"; };
		13B07FB71A68108700A75B9A /* main.m */ = {isa = PBXFileReference; fileEncoding = 4; lastKnownFileType = sourcecode.c.objc; name = main.m; path = TrackingApp/main.m; sourceTree = "<group>"; };
		81AB9BB72411601600AC10FF /* LaunchScreen.storyboard */ = {isa = PBXFileReference; fileEncoding = 4; lastKnownFileType = file.storyboard; name = LaunchScreen.storyboard; path = TrackingApp/LaunchScreen.storyboard; sourceTree = "<group>"; };
		ED297162215061F000B7C4FE /* JavaScriptCore.framework */ = {isa = PBXFileReference; lastKnownFileType = wrapper.framework; name = JavaScriptCore.framework; path = System/Library/Frameworks/JavaScriptCore.framework; sourceTree = SDKROOT; };
		1E85F483F38F45EAA3C85101 /* Poppins-Black.ttf */ = {isa = PBXFileReference; name = "Poppins-Black.ttf"; path = "../src/fonts/Poppins-Black.ttf"; sourceTree = "<group>"; fileEncoding = undefined; lastKnownFileType = unknown; explicitFileType = undefined; includeInIndex = 0; };
		D2FCDE24457E44B5B74D9CE7 /* Poppins-BlackItalic.ttf */ = {isa = PBXFileReference; name = "Poppins-BlackItalic.ttf"; path = "../src/fonts/Poppins-BlackItalic.ttf"; sourceTree = "<group>"; fileEncoding = undefined; lastKnownFileType = unknown; explicitFileType = undefined; includeInIndex = 0; };
		579A0E83319D49F1AF8F8877 /* Poppins-Bold.ttf */ = {isa = PBXFileReference; name = "Poppins-Bold.ttf"; path = "../src/fonts/Poppins-Bold.ttf"; sourceTree = "<group>"; fileEncoding = undefined; lastKnownFileType = unknown; explicitFileType = undefined; includeInIndex = 0; };
		9BDA7067A0BC43D284D30929 /* Poppins-BoldItalic.ttf */ = {isa = PBXFileReference; name = "Poppins-BoldItalic.ttf"; path = "../src/fonts/Poppins-BoldItalic.ttf"; sourceTree = "<group>"; fileEncoding = undefined; lastKnownFileType = unknown; explicitFileType = undefined; includeInIndex = 0; };
		4A5AC14FC7B547B9AA58699C /* Poppins-ExtraBold.ttf */ = {isa = PBXFileReference; name = "Poppins-ExtraBold.ttf"; path = "../src/fonts/Poppins-ExtraBold.ttf"; sourceTree = "<group>"; fileEncoding = undefined; lastKnownFileType = unknown; explicitFileType = undefined; includeInIndex = 0; };
		B56CEA1B49C84562AB0445CF /* Poppins-ExtraBoldItalic.ttf */ = {isa = PBXFileReference; name = "Poppins-ExtraBoldItalic.ttf"; path = "../src/fonts/Poppins-ExtraBoldItalic.ttf"; sourceTree = "<group>"; fileEncoding = undefined; lastKnownFileType = unknown; explicitFileType = undefined; includeInIndex = 0; };
		3577C0FEDE5F41F4A625BBCA /* Poppins-ExtraLight.ttf */ = {isa = PBXFileReference; name = "Poppins-ExtraLight.ttf"; path = "../src/fonts/Poppins-ExtraLight.ttf"; sourceTree = "<group>"; fileEncoding = undefined; lastKnownFileType = unknown; explicitFileType = undefined; includeInIndex = 0; };
		22699D5A832B4511B24909C6 /* Poppins-ExtraLightItalic.ttf */ = {isa = PBXFileReference; name = "Poppins-ExtraLightItalic.ttf"; path = "../src/fonts/Poppins-ExtraLightItalic.ttf"; sourceTree = "<group>"; fileEncoding = undefined; lastKnownFileType = unknown; explicitFileType = undefined; includeInIndex = 0; };
		A8D3AD2836C64E69B55A601E /* Poppins-Italic.ttf */ = {isa = PBXFileReference; name = "Poppins-Italic.ttf"; path = "../src/fonts/Poppins-Italic.ttf"; sourceTree = "<group>"; fileEncoding = undefined; lastKnownFileType = unknown; explicitFileType = undefined; includeInIndex = 0; };
		E07CEAAB23084A97812802A9 /* Poppins-Light.ttf */ = {isa = PBXFileReference; name = "Poppins-Light.ttf"; path = "../src/fonts/Poppins-Light.ttf"; sourceTree = "<group>"; fileEncoding = undefined; lastKnownFileType = unknown; explicitFileType = undefined; includeInIndex = 0; };
		9C96AC0077FA42C995600BBE /* Poppins-LightItalic.ttf */ = {isa = PBXFileReference; name = "Poppins-LightItalic.ttf"; path = "../src/fonts/Poppins-LightItalic.ttf"; sourceTree = "<group>"; fileEncoding = undefined; lastKnownFileType = unknown; explicitFileType = undefined; includeInIndex = 0; };
		9CC755A5C46A46E09AE0B3E3 /* Poppins-Medium.ttf */ = {isa = PBXFileReference; name = "Poppins-Medium.ttf"; path = "../src/fonts/Poppins-Medium.ttf"; sourceTree = "<group>"; fileEncoding = undefined; lastKnownFileType = unknown; explicitFileType = undefined; includeInIndex = 0; };
		291A57225B1C4A07B4C28E6F /* Poppins-MediumItalic.ttf */ = {isa = PBXFileReference; name = "Poppins-MediumItalic.ttf"; path = "../src/fonts/Poppins-MediumItalic.ttf"; sourceTree = "<group>"; fileEncoding = undefined; lastKnownFileType = unknown; explicitFileType = undefined; includeInIndex = 0; };
		2DAEEA29161641B49EC6EB74 /* Poppins-Regular.ttf */ = {isa = PBXFileReference; name = "Poppins-Regular.ttf"; path = "../src/fonts/Poppins-Regular.ttf"; sourceTree = "<group>"; fileEncoding = undefined; lastKnownFileType = unknown; explicitFileType = undefined; includeInIndex = 0; };
		E6F8F8D3FB0E4B74A0BAB8FB /* Poppins-SemiBold.ttf */ = {isa = PBXFileReference; name = "Poppins-SemiBold.ttf"; path = "../src/fonts/Poppins-SemiBold.ttf"; sourceTree = "<group>"; fileEncoding = undefined; lastKnownFileType = unknown; explicitFileType = undefined; includeInIndex = 0; };
		B2E8CC6337BC4EA08BF37DDC /* Poppins-SemiBoldItalic.ttf */ = {isa = PBXFileReference; name = "Poppins-SemiBoldItalic.ttf"; path = "../src/fonts/Poppins-SemiBoldItalic.ttf"; sourceTree = "<group>"; fileEncoding = undefined; lastKnownFileType = unknown; explicitFileType = undefined; includeInIndex = 0; };
		EF3810B3FD384A8FBFA965E3 /* Poppins-Thin.ttf */ = {isa = PBXFileReference; name = "Poppins-Thin.ttf"; path = "../src/fonts/Poppins-Thin.ttf"; sourceTree = "<group>"; fileEncoding = undefined; lastKnownFileType = unknown; explicitFileType = undefined; includeInIndex = 0; };
		D96D37A3B03D4BA7BCE23D1E /* Poppins-ThinItalic.ttf */ = {isa = PBXFileReference; name = "Poppins-ThinItalic.ttf"; path = "../src/fonts/Poppins-ThinItalic.ttf"; sourceTree = "<group>"; fileEncoding = undefined; lastKnownFileType = unknown; explicitFileType = undefined; includeInIndex = 0; };
		C80C11790D7A497E971F22DB /* AntDesign.ttf */ = {isa = PBXFileReference; name = "AntDesign.ttf"; path = "../node_modules/native-base/Fonts/AntDesign.ttf"; sourceTree = "<group>"; fileEncoding = undefined; lastKnownFileType = unknown; explicitFileType = undefined; includeInIndex = 0; };
		679CC3F6D69146F2BD1D3FEC /* Entypo.ttf */ = {isa = PBXFileReference; name = "Entypo.ttf"; path = "../node_modules/native-base/Fonts/Entypo.ttf"; sourceTree = "<group>"; fileEncoding = undefined; lastKnownFileType = unknown; explicitFileType = undefined; includeInIndex = 0; };
		65F395DF97DE47ECA652EA8D /* EvilIcons.ttf */ = {isa = PBXFileReference; name = "EvilIcons.ttf"; path = "../node_modules/native-base/Fonts/EvilIcons.ttf"; sourceTree = "<group>"; fileEncoding = undefined; lastKnownFileType = unknown; explicitFileType = undefined; includeInIndex = 0; };
		56DE81EC64EB401CA504DAC3 /* Feather.ttf */ = {isa = PBXFileReference; name = "Feather.ttf"; path = "../node_modules/native-base/Fonts/Feather.ttf"; sourceTree = "<group>"; fileEncoding = undefined; lastKnownFileType = unknown; explicitFileType = undefined; includeInIndex = 0; };
		3486A565815145EFBF3BE0C4 /* FontAwesome.ttf */ = {isa = PBXFileReference; name = "FontAwesome.ttf"; path = "../node_modules/native-base/Fonts/FontAwesome.ttf"; sourceTree = "<group>"; fileEncoding = undefined; lastKnownFileType = unknown; explicitFileType = undefined; includeInIndex = 0; };
		E3563DCF5EBA43A480A57AFD /* FontAwesome5_Brands.ttf */ = {isa = PBXFileReference; name = "FontAwesome5_Brands.ttf"; path = "../node_modules/native-base/Fonts/FontAwesome5_Brands.ttf"; sourceTree = "<group>"; fileEncoding = undefined; lastKnownFileType = unknown; explicitFileType = undefined; includeInIndex = 0; };
		5D05583D101544F1B5D52E59 /* FontAwesome5_Regular.ttf */ = {isa = PBXFileReference; name = "FontAwesome5_Regular.ttf"; path = "../node_modules/native-base/Fonts/FontAwesome5_Regular.ttf"; sourceTree = "<group>"; fileEncoding = undefined; lastKnownFileType = unknown; explicitFileType = undefined; includeInIndex = 0; };
		2C2E1BC9F6D940C89817EA5D /* FontAwesome5_Solid.ttf */ = {isa = PBXFileReference; name = "FontAwesome5_Solid.ttf"; path = "../node_modules/native-base/Fonts/FontAwesome5_Solid.ttf"; sourceTree = "<group>"; fileEncoding = undefined; lastKnownFileType = unknown; explicitFileType = undefined; includeInIndex = 0; };
		053AD64932D749339A5F6C55 /* Fontisto.ttf */ = {isa = PBXFileReference; name = "Fontisto.ttf"; path = "../node_modules/native-base/Fonts/Fontisto.ttf"; sourceTree = "<group>"; fileEncoding = undefined; lastKnownFileType = unknown; explicitFileType = undefined; includeInIndex = 0; };
		A0DDB48044A449F99AC73585 /* Foundation.ttf */ = {isa = PBXFileReference; name = "Foundation.ttf"; path = "../node_modules/native-base/Fonts/Foundation.ttf"; sourceTree = "<group>"; fileEncoding = undefined; lastKnownFileType = unknown; explicitFileType = undefined; includeInIndex = 0; };
		900B141D84A54D10AA7BD0E0 /* Ionicons.ttf */ = {isa = PBXFileReference; name = "Ionicons.ttf"; path = "../node_modules/native-base/Fonts/Ionicons.ttf"; sourceTree = "<group>"; fileEncoding = undefined; lastKnownFileType = unknown; explicitFileType = undefined; includeInIndex = 0; };
		7C905C02C86E47F4BCC38C5D /* MaterialCommunityIcons.ttf */ = {isa = PBXFileReference; name = "MaterialCommunityIcons.ttf"; path = "../node_modules/native-base/Fonts/MaterialCommunityIcons.ttf"; sourceTree = "<group>"; fileEncoding = undefined; lastKnownFileType = unknown; explicitFileType = undefined; includeInIndex = 0; };
		BB0F9548921144ABA1B5D21C /* MaterialIcons.ttf */ = {isa = PBXFileReference; name = "MaterialIcons.ttf"; path = "../node_modules/native-base/Fonts/MaterialIcons.ttf"; sourceTree = "<group>"; fileEncoding = undefined; lastKnownFileType = unknown; explicitFileType = undefined; includeInIndex = 0; };
		8B62CA931CE2411F9524B563 /* Octicons.ttf */ = {isa = PBXFileReference; name = "Octicons.ttf"; path = "../node_modules/native-base/Fonts/Octicons.ttf"; sourceTree = "<group>"; fileEncoding = undefined; lastKnownFileType = unknown; explicitFileType = undefined; includeInIndex = 0; };
		E90A49D095E44E1CB0EC4934 /* Roboto_medium.ttf */ = {isa = PBXFileReference; name = "Roboto_medium.ttf"; path = "../node_modules/native-base/Fonts/Roboto_medium.ttf"; sourceTree = "<group>"; fileEncoding = undefined; lastKnownFileType = unknown; explicitFileType = undefined; includeInIndex = 0; };
		46C2CC72C19B45A99C0BE17B /* Roboto.ttf */ = {isa = PBXFileReference; name = "Roboto.ttf"; path = "../node_modules/native-base/Fonts/Roboto.ttf"; sourceTree = "<group>"; fileEncoding = undefined; lastKnownFileType = unknown; explicitFileType = undefined; includeInIndex = 0; };
		86C3E4E509EB47AF8644E95A /* rubicon-icon-font.ttf */ = {isa = PBXFileReference; name = "rubicon-icon-font.ttf"; path = "../node_modules/native-base/Fonts/rubicon-icon-font.ttf"; sourceTree = "<group>"; fileEncoding = undefined; lastKnownFileType = unknown; explicitFileType = undefined; includeInIndex = 0; };
		CC918D18BC954B829ACE5624 /* SimpleLineIcons.ttf */ = {isa = PBXFileReference; name = "SimpleLineIcons.ttf"; path = "../node_modules/native-base/Fonts/SimpleLineIcons.ttf"; sourceTree = "<group>"; fileEncoding = undefined; lastKnownFileType = unknown; explicitFileType = undefined; includeInIndex = 0; };
		725E0FF191C34A03BD1D726A /* Zocial.ttf */ = {isa = PBXFileReference; name = "Zocial.ttf"; path = "../node_modules/native-base/Fonts/Zocial.ttf"; sourceTree = "<group>"; fileEncoding = undefined; lastKnownFileType = unknown; explicitFileType = undefined; includeInIndex = 0; };
		5790E133034F409FADBE039C /* AntDesign.ttf */ = {isa = PBXFileReference; name = "AntDesign.ttf"; path = "../node_modules/react-native-vector-icons/Fonts/AntDesign.ttf"; sourceTree = "<group>"; fileEncoding = undefined; lastKnownFileType = unknown; explicitFileType = undefined; includeInIndex = 0; };
		ECB545EDFA164EB28A0E9855 /* Entypo.ttf */ = {isa = PBXFileReference; name = "Entypo.ttf"; path = "../node_modules/react-native-vector-icons/Fonts/Entypo.ttf"; sourceTree = "<group>"; fileEncoding = undefined; lastKnownFileType = unknown; explicitFileType = undefined; includeInIndex = 0; };
		C4C49E25E3844FB2BCA788DB /* EvilIcons.ttf */ = {isa = PBXFileReference; name = "EvilIcons.ttf"; path = "../node_modules/react-native-vector-icons/Fonts/EvilIcons.ttf"; sourceTree = "<group>"; fileEncoding = undefined; lastKnownFileType = unknown; explicitFileType = undefined; includeInIndex = 0; };
		26BE82A9425246D0A59AA5D6 /* Feather.ttf */ = {isa = PBXFileReference; name = "Feather.ttf"; path = "../node_modules/react-native-vector-icons/Fonts/Feather.ttf"; sourceTree = "<group>"; fileEncoding = undefined; lastKnownFileType = unknown; explicitFileType = undefined; includeInIndex = 0; };
		8F2B6DFD2A1B4119AD2F56B9 /* FontAwesome.ttf */ = {isa = PBXFileReference; name = "FontAwesome.ttf"; path = "../node_modules/react-native-vector-icons/Fonts/FontAwesome.ttf"; sourceTree = "<group>"; fileEncoding = undefined; lastKnownFileType = unknown; explicitFileType = undefined; includeInIndex = 0; };
		BE1FE0E1522B468DA939F277 /* FontAwesome5_Brands.ttf */ = {isa = PBXFileReference; name = "FontAwesome5_Brands.ttf"; path = "../node_modules/react-native-vector-icons/Fonts/FontAwesome5_Brands.ttf"; sourceTree = "<group>"; fileEncoding = undefined; lastKnownFileType = unknown; explicitFileType = undefined; includeInIndex = 0; };
		008DB4775A384AF1941321D9 /* FontAwesome5_Regular.ttf */ = {isa = PBXFileReference; name = "FontAwesome5_Regular.ttf"; path = "../node_modules/react-native-vector-icons/Fonts/FontAwesome5_Regular.ttf"; sourceTree = "<group>"; fileEncoding = undefined; lastKnownFileType = unknown; explicitFileType = undefined; includeInIndex = 0; };
		9A0D8AFC0FC74A7F897BEC39 /* FontAwesome5_Solid.ttf */ = {isa = PBXFileReference; name = "FontAwesome5_Solid.ttf"; path = "../node_modules/react-native-vector-icons/Fonts/FontAwesome5_Solid.ttf"; sourceTree = "<group>"; fileEncoding = undefined; lastKnownFileType = unknown; explicitFileType = undefined; includeInIndex = 0; };
		C6CD6A3FCB364D5492432DF7 /* Fontisto.ttf */ = {isa = PBXFileReference; name = "Fontisto.ttf"; path = "../node_modules/react-native-vector-icons/Fonts/Fontisto.ttf"; sourceTree = "<group>"; fileEncoding = undefined; lastKnownFileType = unknown; explicitFileType = undefined; includeInIndex = 0; };
		1DC9AA3F483C44F3A2281C83 /* Foundation.ttf */ = {isa = PBXFileReference; name = "Foundation.ttf"; path = "../node_modules/react-native-vector-icons/Fonts/Foundation.ttf"; sourceTree = "<group>"; fileEncoding = undefined; lastKnownFileType = unknown; explicitFileType = undefined; includeInIndex = 0; };
		1762B66B672D42F98B1B9FD9 /* Ionicons.ttf */ = {isa = PBXFileReference; name = "Ionicons.ttf"; path = "../node_modules/react-native-vector-icons/Fonts/Ionicons.ttf"; sourceTree = "<group>"; fileEncoding = undefined; lastKnownFileType = unknown; explicitFileType = undefined; includeInIndex = 0; };
		F1C06EE6A5894ED8AD1C1B37 /* MaterialCommunityIcons.ttf */ = {isa = PBXFileReference; name = "MaterialCommunityIcons.ttf"; path = "../node_modules/react-native-vector-icons/Fonts/MaterialCommunityIcons.ttf"; sourceTree = "<group>"; fileEncoding = undefined; lastKnownFileType = unknown; explicitFileType = undefined; includeInIndex = 0; };
		DA2DAC44A8CA4B10953EEBF1 /* MaterialIcons.ttf */ = {isa = PBXFileReference; name = "MaterialIcons.ttf"; path = "../node_modules/react-native-vector-icons/Fonts/MaterialIcons.ttf"; sourceTree = "<group>"; fileEncoding = undefined; lastKnownFileType = unknown; explicitFileType = undefined; includeInIndex = 0; };
		B89BB5BB107D4D9FB783884D /* Octicons.ttf */ = {isa = PBXFileReference; name = "Octicons.ttf"; path = "../node_modules/react-native-vector-icons/Fonts/Octicons.ttf"; sourceTree = "<group>"; fileEncoding = undefined; lastKnownFileType = unknown; explicitFileType = undefined; includeInIndex = 0; };
		D5DFFE56BA6347EEB32639A5 /* SimpleLineIcons.ttf */ = {isa = PBXFileReference; name = "SimpleLineIcons.ttf"; path = "../node_modules/react-native-vector-icons/Fonts/SimpleLineIcons.ttf"; sourceTree = "<group>"; fileEncoding = undefined; lastKnownFileType = unknown; explicitFileType = undefined; includeInIndex = 0; };
		911F4D0BA8734E558F5B2699 /* Zocial.ttf */ = {isa = PBXFileReference; name = "Zocial.ttf"; path = "../node_modules/react-native-vector-icons/Fonts/Zocial.ttf"; sourceTree = "<group>"; fileEncoding = undefined; lastKnownFileType = unknown; explicitFileType = undefined; includeInIndex = 0; };
/* End PBXFileReference section */

/* Begin PBXFrameworksBuildPhase section */
		00E356EB1AD99517003FC87E /* Frameworks */ = {
			isa = PBXFrameworksBuildPhase;
			buildActionMask = 2147483647;
			files = (
			);
			runOnlyForDeploymentPostprocessing = 0;
		};
		13B07F8C1A680F5B00A75B9A /* Frameworks */ = {
			isa = PBXFrameworksBuildPhase;
			buildActionMask = 2147483647;
			files = (
			);
			runOnlyForDeploymentPostprocessing = 0;
		};
/* End PBXFrameworksBuildPhase section */

/* Begin PBXGroup section */
		00E356EF1AD99517003FC87E /* TrackingAppTests */ = {
			isa = PBXGroup;
			children = (
				00E356F21AD99517003FC87E /* TrackingAppTests.m */,
				00E356F01AD99517003FC87E /* Supporting Files */,
			);
			path = TrackingAppTests;
			sourceTree = "<group>";
		};
		00E356F01AD99517003FC87E /* Supporting Files */ = {
			isa = PBXGroup;
			children = (
				00E356F11AD99517003FC87E /* Info.plist */,
			);
			name = "Supporting Files";
			sourceTree = "<group>";
		};
		13B07FAE1A68108700A75B9A /* TrackingApp */ = {
			isa = PBXGroup;
			children = (
				13B07FAF1A68108700A75B9A /* AppDelegate.h */,
				13B07FB01A68108700A75B9A /* AppDelegate.m */,
				13B07FB51A68108700A75B9A /* Images.xcassets */,
				13B07FB61A68108700A75B9A /* Info.plist */,
				81AB9BB72411601600AC10FF /* LaunchScreen.storyboard */,
				13B07FB71A68108700A75B9A /* main.m */,
			);
			name = TrackingApp;
			sourceTree = "<group>";
		};
		2D16E6871FA4F8E400B85C8A /* Frameworks */ = {
			isa = PBXGroup;
			children = (
				ED297162215061F000B7C4FE /* JavaScriptCore.framework */,
			);
			name = Frameworks;
			sourceTree = "<group>";
		};
		832341AE1AAA6A7D00B99B32 /* Libraries */ = {
			isa = PBXGroup;
			children = (
			);
			name = Libraries;
			sourceTree = "<group>";
		};
		83CBB9F61A601CBA00E9B192 = {
			isa = PBXGroup;
			children = (
				13B07FAE1A68108700A75B9A /* TrackingApp */,
				832341AE1AAA6A7D00B99B32 /* Libraries */,
				00E356EF1AD99517003FC87E /* TrackingAppTests */,
				83CBBA001A601CBA00E9B192 /* Products */,
				2D16E6871FA4F8E400B85C8A /* Frameworks */,
				D3FC64CD282B4EC48094FFDD /* Resources */,
			);
			indentWidth = 2;
			sourceTree = "<group>";
			tabWidth = 2;
			usesTabs = 0;
		};
		83CBBA001A601CBA00E9B192 /* Products */ = {
			isa = PBXGroup;
			children = (
				13B07F961A680F5B00A75B9A /* TrackingApp.app */,
				00E356EE1AD99517003FC87E /* TrackingAppTests.xctest */,
			);
			name = Products;
			sourceTree = "<group>";
		};
		D3FC64CD282B4EC48094FFDD /* Resources */ = {
			isa = "PBXGroup";
			children = (
				1E85F483F38F45EAA3C85101 /* Poppins-Black.ttf */,
				D2FCDE24457E44B5B74D9CE7 /* Poppins-BlackItalic.ttf */,
				579A0E83319D49F1AF8F8877 /* Poppins-Bold.ttf */,
				9BDA7067A0BC43D284D30929 /* Poppins-BoldItalic.ttf */,
				4A5AC14FC7B547B9AA58699C /* Poppins-ExtraBold.ttf */,
				B56CEA1B49C84562AB0445CF /* Poppins-ExtraBoldItalic.ttf */,
				3577C0FEDE5F41F4A625BBCA /* Poppins-ExtraLight.ttf */,
				22699D5A832B4511B24909C6 /* Poppins-ExtraLightItalic.ttf */,
				A8D3AD2836C64E69B55A601E /* Poppins-Italic.ttf */,
				E07CEAAB23084A97812802A9 /* Poppins-Light.ttf */,
				9C96AC0077FA42C995600BBE /* Poppins-LightItalic.ttf */,
				9CC755A5C46A46E09AE0B3E3 /* Poppins-Medium.ttf */,
				291A57225B1C4A07B4C28E6F /* Poppins-MediumItalic.ttf */,
				2DAEEA29161641B49EC6EB74 /* Poppins-Regular.ttf */,
				E6F8F8D3FB0E4B74A0BAB8FB /* Poppins-SemiBold.ttf */,
				B2E8CC6337BC4EA08BF37DDC /* Poppins-SemiBoldItalic.ttf */,
				EF3810B3FD384A8FBFA965E3 /* Poppins-Thin.ttf */,
				D96D37A3B03D4BA7BCE23D1E /* Poppins-ThinItalic.ttf */,
				C80C11790D7A497E971F22DB /* AntDesign.ttf */,
				679CC3F6D69146F2BD1D3FEC /* Entypo.ttf */,
				65F395DF97DE47ECA652EA8D /* EvilIcons.ttf */,
				56DE81EC64EB401CA504DAC3 /* Feather.ttf */,
				3486A565815145EFBF3BE0C4 /* FontAwesome.ttf */,
				E3563DCF5EBA43A480A57AFD /* FontAwesome5_Brands.ttf */,
				5D05583D101544F1B5D52E59 /* FontAwesome5_Regular.ttf */,
				2C2E1BC9F6D940C89817EA5D /* FontAwesome5_Solid.ttf */,
				053AD64932D749339A5F6C55 /* Fontisto.ttf */,
				A0DDB48044A449F99AC73585 /* Foundation.ttf */,
				900B141D84A54D10AA7BD0E0 /* Ionicons.ttf */,
				7C905C02C86E47F4BCC38C5D /* MaterialCommunityIcons.ttf */,
				BB0F9548921144ABA1B5D21C /* MaterialIcons.ttf */,
				8B62CA931CE2411F9524B563 /* Octicons.ttf */,
				E90A49D095E44E1CB0EC4934 /* Roboto_medium.ttf */,
				46C2CC72C19B45A99C0BE17B /* Roboto.ttf */,
				86C3E4E509EB47AF8644E95A /* rubicon-icon-font.ttf */,
				CC918D18BC954B829ACE5624 /* SimpleLineIcons.ttf */,
				725E0FF191C34A03BD1D726A /* Zocial.ttf */,
				5790E133034F409FADBE039C /* AntDesign.ttf */,
				ECB545EDFA164EB28A0E9855 /* Entypo.ttf */,
				C4C49E25E3844FB2BCA788DB /* EvilIcons.ttf */,
				26BE82A9425246D0A59AA5D6 /* Feather.ttf */,
				8F2B6DFD2A1B4119AD2F56B9 /* FontAwesome.ttf */,
				BE1FE0E1522B468DA939F277 /* FontAwesome5_Brands.ttf */,
				008DB4775A384AF1941321D9 /* FontAwesome5_Regular.ttf */,
				9A0D8AFC0FC74A7F897BEC39 /* FontAwesome5_Solid.ttf */,
				C6CD6A3FCB364D5492432DF7 /* Fontisto.ttf */,
				1DC9AA3F483C44F3A2281C83 /* Foundation.ttf */,
				1762B66B672D42F98B1B9FD9 /* Ionicons.ttf */,
				F1C06EE6A5894ED8AD1C1B37 /* MaterialCommunityIcons.ttf */,
				DA2DAC44A8CA4B10953EEBF1 /* MaterialIcons.ttf */,
				B89BB5BB107D4D9FB783884D /* Octicons.ttf */,
				D5DFFE56BA6347EEB32639A5 /* SimpleLineIcons.ttf */,
				911F4D0BA8734E558F5B2699 /* Zocial.ttf */,
			);
			name = Resources;
			sourceTree = "<group>";
			path = "";
		};
/* End PBXGroup section */

/* Begin PBXNativeTarget section */
		00E356ED1AD99517003FC87E /* TrackingAppTests */ = {
			isa = PBXNativeTarget;
			buildConfigurationList = 00E357021AD99517003FC87E /* Build configuration list for PBXNativeTarget "TrackingAppTests" */;
			buildPhases = (
				00E356EA1AD99517003FC87E /* Sources */,
				00E356EB1AD99517003FC87E /* Frameworks */,
				00E356EC1AD99517003FC87E /* Resources */,
			);
			buildRules = (
			);
			dependencies = (
				00E356F51AD99517003FC87E /* PBXTargetDependency */,
			);
			name = TrackingAppTests;
			productName = TrackingAppTests;
			productReference = 00E356EE1AD99517003FC87E /* TrackingAppTests.xctest */;
			productType = "com.apple.product-type.bundle.unit-test";
		};
		13B07F861A680F5B00A75B9A /* TrackingApp */ = {
			isa = PBXNativeTarget;
			buildConfigurationList = 13B07F931A680F5B00A75B9A /* Build configuration list for PBXNativeTarget "TrackingApp" */;
			buildPhases = (
				FD10A7F022414F080027D42C /* Start Packager */,
				13B07F871A680F5B00A75B9A /* Sources */,
				13B07F8C1A680F5B00A75B9A /* Frameworks */,
				13B07F8E1A680F5B00A75B9A /* Resources */,
				00DD1BFF1BD5951E006B06BC /* Bundle React Native code and images */,
			);
			buildRules = (
			);
			dependencies = (
			);
			name = TrackingApp;
			productName = TrackingApp;
			productReference = 13B07F961A680F5B00A75B9A /* TrackingApp.app */;
			productType = "com.apple.product-type.application";
		};
/* End PBXNativeTarget section */

/* Begin PBXProject section */
		83CBB9F71A601CBA00E9B192 /* Project object */ = {
			isa = PBXProject;
			attributes = {
				LastUpgradeCheck = 1210;
				TargetAttributes = {
					00E356ED1AD99517003FC87E = {
						CreatedOnToolsVersion = 6.2;
						TestTargetID = 13B07F861A680F5B00A75B9A;
					};
					13B07F861A680F5B00A75B9A = {
						LastSwiftMigration = 1120;
					};
				};
			};
			buildConfigurationList = 83CBB9FA1A601CBA00E9B192 /* Build configuration list for PBXProject "TrackingApp" */;
			compatibilityVersion = "Xcode 12.0";
			developmentRegion = en;
			hasScannedForEncodings = 0;
			knownRegions = (
				en,
				Base,
			);
			mainGroup = 83CBB9F61A601CBA00E9B192;
			productRefGroup = 83CBBA001A601CBA00E9B192 /* Products */;
			projectDirPath = "";
			projectRoot = "";
			targets = (
				13B07F861A680F5B00A75B9A /* TrackingApp */,
				00E356ED1AD99517003FC87E /* TrackingAppTests */,
			);
		};
/* End PBXProject section */

/* Begin PBXResourcesBuildPhase section */
		00E356EC1AD99517003FC87E /* Resources */ = {
			isa = PBXResourcesBuildPhase;
			buildActionMask = 2147483647;
			files = (
			);
			runOnlyForDeploymentPostprocessing = 0;
		};
		13B07F8E1A680F5B00A75B9A /* Resources */ = {
			isa = PBXResourcesBuildPhase;
			buildActionMask = 2147483647;
			files = (
				81AB9BB82411601600AC10FF /* LaunchScreen.storyboard in Resources */,
				13B07FBF1A68108700A75B9A /* Images.xcassets in Resources */,
				8BD65884D44D48F0BB5384F2 /* Poppins-Black.ttf in Resources */,
				277BB7EACD2A40F693446467 /* Poppins-BlackItalic.ttf in Resources */,
				1C02FBB9C1CD4251B6CE8286 /* Poppins-Bold.ttf in Resources */,
				F34A7C26A3494678877864FC /* Poppins-BoldItalic.ttf in Resources */,
				2D91D1B393DE4ACA91A369D0 /* Poppins-ExtraBold.ttf in Resources */,
				65F6D2DED83743E498D9E648 /* Poppins-ExtraBoldItalic.ttf in Resources */,
				80062966036E43C5A6D4521A /* Poppins-ExtraLight.ttf in Resources */,
				D49232587FD54BD1B931309B /* Poppins-ExtraLightItalic.ttf in Resources */,
				15881A87034E47169E880537 /* Poppins-Italic.ttf in Resources */,
				A486EBC4B4FB45388651E0E3 /* Poppins-Light.ttf in Resources */,
				6E519159EA384104B52130AA /* Poppins-LightItalic.ttf in Resources */,
				CB6AF7F674AE46B68E2BB7C1 /* Poppins-Medium.ttf in Resources */,
				64448953FE314C7F83A15F21 /* Poppins-MediumItalic.ttf in Resources */,
				1A654DEA84D94657A6CECA8A /* Poppins-Regular.ttf in Resources */,
				85D25D7FE6744DC686762646 /* Poppins-SemiBold.ttf in Resources */,
				87CF7A2C37E84FD7B0850C4C /* Poppins-SemiBoldItalic.ttf in Resources */,
				2598E8852EC74805B58BEAD8 /* Poppins-Thin.ttf in Resources */,
				1EFD4910276C4C9FA7EAE557 /* Poppins-ThinItalic.ttf in Resources */,
				43BD77BD58624DF28A038F07 /* AntDesign.ttf in Resources */,
				15C01ADC25CC4EEFAA63C785 /* Entypo.ttf in Resources */,
				FE52F4289648470BBC560F32 /* EvilIcons.ttf in Resources */,
				640EEB485DEA4FEF9338445C /* Feather.ttf in Resources */,
				59760D52904A4ADCA68C58DD /* FontAwesome.ttf in Resources */,
				9428B9D1E2D9465E98202E38 /* FontAwesome5_Brands.ttf in Resources */,
				647EDB68892B495ABA69D8E2 /* FontAwesome5_Regular.ttf in Resources */,
				A4C6E8D116AA486693DF085A /* FontAwesome5_Solid.ttf in Resources */,
				8A126A838BE940E18EB1A77F /* Fontisto.ttf in Resources */,
				4B49AFD0C8D04B9E9109023B /* Foundation.ttf in Resources */,
				2F4B577EC2264DCEBCC87296 /* Ionicons.ttf in Resources */,
				96FDFB668D4948AC97570DD8 /* MaterialCommunityIcons.ttf in Resources */,
				83932F9A618348CD86666F3E /* MaterialIcons.ttf in Resources */,
				80964363DA144A15BB29FDE9 /* Octicons.ttf in Resources */,
				1ADB21C6F38D4EF7A637D812 /* Roboto_medium.ttf in Resources */,
				9CC95A054AB0493CB022A777 /* Roboto.ttf in Resources */,
				010F13D52BC347E0AE7ED3EE /* rubicon-icon-font.ttf in Resources */,
				3D69D256F3CD4D76B1E565D7 /* SimpleLineIcons.ttf in Resources */,
				2802F224532641CF9F08CFEB /* Zocial.ttf in Resources */,
				96FC600020054415A092A969 /* AntDesign.ttf in Resources */,
				94E7C48CEB324BAEAF7AC258 /* Entypo.ttf in Resources */,
				3CA2301B291443BE89EBBFCF /* EvilIcons.ttf in Resources */,
				AD852FF60544455AA4A914D0 /* Feather.ttf in Resources */,
				867BFC2C5E9C4EC490720471 /* FontAwesome.ttf in Resources */,
				D7F1845AE99341E4948658E8 /* FontAwesome5_Brands.ttf in Resources */,
				B9DAC43304F94172B59C10A8 /* FontAwesome5_Regular.ttf in Resources */,
				1C03FF9A5AFE466E900C8BDB /* FontAwesome5_Solid.ttf in Resources */,
				87D03DE5AA4C4841B41E3DA4 /* Fontisto.ttf in Resources */,
				017E7DD718694BAEA97277CF /* Foundation.ttf in Resources */,
				C74909FDBC20426BAFD4BA15 /* Ionicons.ttf in Resources */,
				B591DD0395134BE6BC837CCE /* MaterialCommunityIcons.ttf in Resources */,
				1A1B1C41D83C414C9FF7EE39 /* MaterialIcons.ttf in Resources */,
				1423A4BE6DCD4DA185689AD3 /* Octicons.ttf in Resources */,
				65364430FB4B4D7BA978EFB7 /* SimpleLineIcons.ttf in Resources */,
				C2EC62406E0B459288AE963F /* Zocial.ttf in Resources */,
			);
			runOnlyForDeploymentPostprocessing = 0;
		};
/* End PBXResourcesBuildPhase section */

/* Begin PBXShellScriptBuildPhase section */
		00DD1BFF1BD5951E006B06BC /* Bundle React Native code and images */ = {
			isa = PBXShellScriptBuildPhase;
			buildActionMask = 2147483647;
			files = (
			);
			inputPaths = (
			);
			name = "Bundle React Native code and images";
			outputPaths = (
			);
			runOnlyForDeploymentPostprocessing = 0;
			shellPath = /bin/sh;
			shellScript = "set -e\n\nexport NODE_BINARY=node\n../node_modules/react-native/scripts/react-native-xcode.sh\n";
		};
		FD10A7F022414F080027D42C /* Start Packager */ = {
			isa = PBXShellScriptBuildPhase;
			buildActionMask = 2147483647;
			files = (
			);
			inputFileListPaths = (
			);
			inputPaths = (
			);
			name = "Start Packager";
			outputFileListPaths = (
			);
			outputPaths = (
			);
			runOnlyForDeploymentPostprocessing = 0;
			shellPath = /bin/sh;
			shellScript = "export RCT_METRO_PORT=\"${RCT_METRO_PORT:=8081}\"\necho \"export RCT_METRO_PORT=${RCT_METRO_PORT}\" > \"${SRCROOT}/../node_modules/react-native/scripts/.packager.env\"\nif [ -z \"${RCT_NO_LAUNCH_PACKAGER+xxx}\" ] ; then\n  if nc -w 5 -z localhost ${RCT_METRO_PORT} ; then\n    if ! curl -s \"http://localhost:${RCT_METRO_PORT}/status\" | grep -q \"packager-status:running\" ; then\n      echo \"Port ${RCT_METRO_PORT} already in use, packager is either not running or not running correctly\"\n      exit 2\n    fi\n  else\n    open \"$SRCROOT/../node_modules/react-native/scripts/launchPackager.command\" || echo \"Can't start packager automatically\"\n  fi\nfi\n";
			showEnvVarsInLog = 0;
		};
/* End PBXShellScriptBuildPhase section */

/* Begin PBXSourcesBuildPhase section */
		00E356EA1AD99517003FC87E /* Sources */ = {
			isa = PBXSourcesBuildPhase;
			buildActionMask = 2147483647;
			files = (
				00E356F31AD99517003FC87E /* TrackingAppTests.m in Sources */,
			);
			runOnlyForDeploymentPostprocessing = 0;
		};
		13B07F871A680F5B00A75B9A /* Sources */ = {
			isa = PBXSourcesBuildPhase;
			buildActionMask = 2147483647;
			files = (
				13B07FBC1A68108700A75B9A /* AppDelegate.m in Sources */,
				13B07FC11A68108700A75B9A /* main.m in Sources */,
			);
			runOnlyForDeploymentPostprocessing = 0;
		};
/* End PBXSourcesBuildPhase section */

/* Begin PBXTargetDependency section */
		00E356F51AD99517003FC87E /* PBXTargetDependency */ = {
			isa = PBXTargetDependency;
			target = 13B07F861A680F5B00A75B9A /* TrackingApp */;
			targetProxy = 00E356F41AD99517003FC87E /* PBXContainerItemProxy */;
		};
/* End PBXTargetDependency section */

/* Begin XCBuildConfiguration section */
		00E356F61AD99517003FC87E /* Debug */ = {
			isa = XCBuildConfiguration;
			buildSettings = {
				BUNDLE_LOADER = "$(TEST_HOST)";
				GCC_PREPROCESSOR_DEFINITIONS = (
					"DEBUG=1",
					"$(inherited)",
				);
				INFOPLIST_FILE = TrackingAppTests/Info.plist;
				IPHONEOS_DEPLOYMENT_TARGET = 10.0;
				LD_RUNPATH_SEARCH_PATHS = (
					"$(inherited)",
					"@executable_path/Frameworks",
					"@loader_path/Frameworks",
				);
				OTHER_LDFLAGS = (
					"-ObjC",
					"-lc++",
					"$(inherited)",
				);
				PRODUCT_BUNDLE_IDENTIFIER = "org.reactjs.native.example.$(PRODUCT_NAME:rfc1034identifier)";
				PRODUCT_NAME = "$(TARGET_NAME)";
				TEST_HOST = "$(BUILT_PRODUCTS_DIR)/TrackingApp.app/TrackingApp";
			};
			name = Debug;
		};
		00E356F71AD99517003FC87E /* Release */ = {
			isa = XCBuildConfiguration;
			buildSettings = {
				BUNDLE_LOADER = "$(TEST_HOST)";
				COPY_PHASE_STRIP = NO;
				INFOPLIST_FILE = TrackingAppTests/Info.plist;
				IPHONEOS_DEPLOYMENT_TARGET = 10.0;
				LD_RUNPATH_SEARCH_PATHS = (
					"$(inherited)",
					"@executable_path/Frameworks",
					"@loader_path/Frameworks",
				);
				OTHER_LDFLAGS = (
					"-ObjC",
					"-lc++",
					"$(inherited)",
				);
				PRODUCT_BUNDLE_IDENTIFIER = "org.reactjs.native.example.$(PRODUCT_NAME:rfc1034identifier)";
				PRODUCT_NAME = "$(TARGET_NAME)";
				TEST_HOST = "$(BUILT_PRODUCTS_DIR)/TrackingApp.app/TrackingApp";
			};
			name = Release;
		};
		13B07F941A680F5B00A75B9A /* Debug */ = {
			isa = XCBuildConfiguration;
			buildSettings = {
				ASSETCATALOG_COMPILER_APPICON_NAME = AppIcon;
				CLANG_ENABLE_MODULES = YES;
				CURRENT_PROJECT_VERSION = 1;
				ENABLE_BITCODE = NO;
				INFOPLIST_FILE = TrackingApp/Info.plist;
				LD_RUNPATH_SEARCH_PATHS = (
					"$(inherited)",
					"@executable_path/Frameworks",
				);
				OTHER_LDFLAGS = (
					"$(inherited)",
					"-ObjC",
					"-lc++",
				);
				PRODUCT_BUNDLE_IDENTIFIER = "org.reactjs.native.example.$(PRODUCT_NAME:rfc1034identifier)";
				PRODUCT_NAME = TrackingApp;
				SWIFT_OPTIMIZATION_LEVEL = "-Onone";
				SWIFT_VERSION = 5.0;
				VERSIONING_SYSTEM = "apple-generic";
			};
			name = Debug;
		};
		13B07F951A680F5B00A75B9A /* Release */ = {
			isa = XCBuildConfiguration;
			buildSettings = {
				ASSETCATALOG_COMPILER_APPICON_NAME = AppIcon;
				CLANG_ENABLE_MODULES = YES;
				CURRENT_PROJECT_VERSION = 1;
				INFOPLIST_FILE = TrackingApp/Info.plist;
				LD_RUNPATH_SEARCH_PATHS = (
					"$(inherited)",
					"@executable_path/Frameworks",
				);
				OTHER_LDFLAGS = (
					"$(inherited)",
					"-ObjC",
					"-lc++",
				);
				PRODUCT_BUNDLE_IDENTIFIER = "org.reactjs.native.example.$(PRODUCT_NAME:rfc1034identifier)";
				PRODUCT_NAME = TrackingApp;
				SWIFT_VERSION = 5.0;
				VERSIONING_SYSTEM = "apple-generic";
			};
			name = Release;
		};
		83CBBA201A601CBA00E9B192 /* Debug */ = {
			isa = XCBuildConfiguration;
			buildSettings = {
				ALWAYS_SEARCH_USER_PATHS = NO;
				CLANG_ANALYZER_LOCALIZABILITY_NONLOCALIZED = YES;
				CLANG_CXX_LANGUAGE_STANDARD = "gnu++0x";
				CLANG_CXX_LIBRARY = "libc++";
				CLANG_ENABLE_MODULES = YES;
				CLANG_ENABLE_OBJC_ARC = YES;
				CLANG_WARN_BLOCK_CAPTURE_AUTORELEASING = YES;
				CLANG_WARN_BOOL_CONVERSION = YES;
				CLANG_WARN_COMMA = YES;
				CLANG_WARN_CONSTANT_CONVERSION = YES;
				CLANG_WARN_DEPRECATED_OBJC_IMPLEMENTATIONS = YES;
				CLANG_WARN_DIRECT_OBJC_ISA_USAGE = YES_ERROR;
				CLANG_WARN_EMPTY_BODY = YES;
				CLANG_WARN_ENUM_CONVERSION = YES;
				CLANG_WARN_INFINITE_RECURSION = YES;
				CLANG_WARN_INT_CONVERSION = YES;
				CLANG_WARN_NON_LITERAL_NULL_CONVERSION = YES;
				CLANG_WARN_OBJC_IMPLICIT_RETAIN_SELF = YES;
				CLANG_WARN_OBJC_LITERAL_CONVERSION = YES;
				CLANG_WARN_OBJC_ROOT_CLASS = YES_ERROR;
				CLANG_WARN_QUOTED_INCLUDE_IN_FRAMEWORK_HEADER = YES;
				CLANG_WARN_RANGE_LOOP_ANALYSIS = YES;
				CLANG_WARN_STRICT_PROTOTYPES = YES;
				CLANG_WARN_SUSPICIOUS_MOVE = YES;
				CLANG_WARN_UNREACHABLE_CODE = YES;
				CLANG_WARN__DUPLICATE_METHOD_MATCH = YES;
				"CODE_SIGN_IDENTITY[sdk=iphoneos*]" = "iPhone Developer";
				COPY_PHASE_STRIP = NO;
				ENABLE_STRICT_OBJC_MSGSEND = YES;
				ENABLE_TESTABILITY = YES;
				GCC_C_LANGUAGE_STANDARD = gnu99;
				GCC_DYNAMIC_NO_PIC = NO;
				GCC_NO_COMMON_BLOCKS = YES;
				GCC_OPTIMIZATION_LEVEL = 0;
				GCC_PREPROCESSOR_DEFINITIONS = (
					"DEBUG=1",
					"$(inherited)",
				);
				GCC_SYMBOLS_PRIVATE_EXTERN = NO;
				GCC_WARN_64_TO_32_BIT_CONVERSION = YES;
				GCC_WARN_ABOUT_RETURN_TYPE = YES_ERROR;
				GCC_WARN_UNDECLARED_SELECTOR = YES;
				GCC_WARN_UNINITIALIZED_AUTOS = YES_AGGRESSIVE;
				GCC_WARN_UNUSED_FUNCTION = YES;
				GCC_WARN_UNUSED_VARIABLE = YES;
				IPHONEOS_DEPLOYMENT_TARGET = 10.0;
				LD_RUNPATH_SEARCH_PATHS = (
					/usr/lib/swift,
					"$(inherited)",
				);
				LIBRARY_SEARCH_PATHS = (
					"\"$(TOOLCHAIN_DIR)/usr/lib/swift/$(PLATFORM_NAME)\"",
					"\"$(TOOLCHAIN_DIR)/usr/lib/swift-5.0/$(PLATFORM_NAME)\"",
					"\"$(inherited)\"",
				);
				MTL_ENABLE_DEBUG_INFO = YES;
				ONLY_ACTIVE_ARCH = YES;
				SDKROOT = iphoneos;
			};
			name = Debug;
		};
		83CBBA211A601CBA00E9B192 /* Release */ = {
			isa = XCBuildConfiguration;
			buildSettings = {
				ALWAYS_SEARCH_USER_PATHS = NO;
				CLANG_ANALYZER_LOCALIZABILITY_NONLOCALIZED = YES;
				CLANG_CXX_LANGUAGE_STANDARD = "gnu++0x";
				CLANG_CXX_LIBRARY = "libc++";
				CLANG_ENABLE_MODULES = YES;
				CLANG_ENABLE_OBJC_ARC = YES;
				CLANG_WARN_BLOCK_CAPTURE_AUTORELEASING = YES;
				CLANG_WARN_BOOL_CONVERSION = YES;
				CLANG_WARN_COMMA = YES;
				CLANG_WARN_CONSTANT_CONVERSION = YES;
				CLANG_WARN_DEPRECATED_OBJC_IMPLEMENTATIONS = YES;
				CLANG_WARN_DIRECT_OBJC_ISA_USAGE = YES_ERROR;
				CLANG_WARN_EMPTY_BODY = YES;
				CLANG_WARN_ENUM_CONVERSION = YES;
				CLANG_WARN_INFINITE_RECURSION = YES;
				CLANG_WARN_INT_CONVERSION = YES;
				CLANG_WARN_NON_LITERAL_NULL_CONVERSION = YES;
				CLANG_WARN_OBJC_IMPLICIT_RETAIN_SELF = YES;
				CLANG_WARN_OBJC_LITERAL_CONVERSION = YES;
				CLANG_WARN_OBJC_ROOT_CLASS = YES_ERROR;
				CLANG_WARN_QUOTED_INCLUDE_IN_FRAMEWORK_HEADER = YES;
				CLANG_WARN_RANGE_LOOP_ANALYSIS = YES;
				CLANG_WARN_STRICT_PROTOTYPES = YES;
				CLANG_WARN_SUSPICIOUS_MOVE = YES;
				CLANG_WARN_UNREACHABLE_CODE = YES;
				CLANG_WARN__DUPLICATE_METHOD_MATCH = YES;
				"CODE_SIGN_IDENTITY[sdk=iphoneos*]" = "iPhone Developer";
				COPY_PHASE_STRIP = YES;
				ENABLE_NS_ASSERTIONS = NO;
				ENABLE_STRICT_OBJC_MSGSEND = YES;
				GCC_C_LANGUAGE_STANDARD = gnu99;
				GCC_NO_COMMON_BLOCKS = YES;
				GCC_WARN_64_TO_32_BIT_CONVERSION = YES;
				GCC_WARN_ABOUT_RETURN_TYPE = YES_ERROR;
				GCC_WARN_UNDECLARED_SELECTOR = YES;
				GCC_WARN_UNINITIALIZED_AUTOS = YES_AGGRESSIVE;
				GCC_WARN_UNUSED_FUNCTION = YES;
				GCC_WARN_UNUSED_VARIABLE = YES;
				IPHONEOS_DEPLOYMENT_TARGET = 10.0;
				LD_RUNPATH_SEARCH_PATHS = (
					/usr/lib/swift,
					"$(inherited)",
				);
				LIBRARY_SEARCH_PATHS = (
					"\"$(TOOLCHAIN_DIR)/usr/lib/swift/$(PLATFORM_NAME)\"",
					"\"$(TOOLCHAIN_DIR)/usr/lib/swift-5.0/$(PLATFORM_NAME)\"",
					"\"$(inherited)\"",
				);
				MTL_ENABLE_DEBUG_INFO = NO;
				SDKROOT = iphoneos;
				VALIDATE_PRODUCT = YES;
			};
			name = Release;
		};
/* End XCBuildConfiguration section */

/* Begin XCConfigurationList section */
		00E357021AD99517003FC87E /* Build configuration list for PBXNativeTarget "TrackingAppTests" */ = {
			isa = XCConfigurationList;
			buildConfigurations = (
				00E356F61AD99517003FC87E /* Debug */,
				00E356F71AD99517003FC87E /* Release */,
			);
			defaultConfigurationIsVisible = 0;
			defaultConfigurationName = Release;
		};
		13B07F931A680F5B00A75B9A /* Build configuration list for PBXNativeTarget "TrackingApp" */ = {
			isa = XCConfigurationList;
			buildConfigurations = (
				13B07F941A680F5B00A75B9A /* Debug */,
				13B07F951A680F5B00A75B9A /* Release */,
			);
			defaultConfigurationIsVisible = 0;
			defaultConfigurationName = Release;
		};
		83CBB9FA1A601CBA00E9B192 /* Build configuration list for PBXProject "TrackingApp" */ = {
			isa = XCConfigurationList;
			buildConfigurations = (
				83CBBA201A601CBA00E9B192 /* Debug */,
				83CBBA211A601CBA00E9B192 /* Release */,
			);
			defaultConfigurationIsVisible = 0;
			defaultConfigurationName = Release;
		};
/* End XCConfigurationList section */
	};
	rootObject = 83CBB9F71A601CBA00E9B192 /* Project object */;
}
